
Microsoft Visual Studio Solution File, Format Version 12.00
# Visual Studio 15
VisualStudioVersion = 15.0.27703.2000
MinimumVisualStudioVersion = 10.0.40219.1
Project("{FAE04EC0-301F-11D3-BF4B-00C04F79EFBC}") = "CSharpeComponent", "CSharpeComponent\CSharpeComponent.csproj", "{3C27F74C-9AD7-4AFB-A564-9D1E0499938B}"
EndProject
Project("{FAE04EC0-301F-11D3-BF4B-00C04F79EFBC}") = "Components.Permissions", "Components.Permissions\Components.Permissions.csproj", "{DC199D57-F92A-44C4-B4DD-539EDE8FA407}"
EndProject
Global
	GlobalSection(SolutionConfigurationPlatforms) = preSolution
		Debug|Any CPU = Debug|Any CPU
		Release|Any CPU = Release|Any CPU
	EndGlobalSection
	GlobalSection(ProjectConfigurationPlatforms) = postSolution
		{3C27F74C-9AD7-4AFB-A564-9D1E0499938B}.Debug|Any CPU.ActiveCfg = Debug|Any CPU
		{3C27F74C-9AD7-4AFB-A564-9D1E0499938B}.Debug|Any CPU.Build.0 = Debug|Any CPU
		{3C27F74C-9AD7-4AFB-A564-9D1E0499938B}.Release|Any CPU.ActiveCfg = Release|Any CPU
		{3C27F74C-9AD7-4AFB-A564-9D1E0499938B}.Release|Any CPU.Build.0 = Release|Any CPU
		{DC199D57-F92A-44C4-B4DD-539EDE8FA407}.Debug|Any CPU.ActiveCfg = Debug|Any CPU
		{DC199D57-F92A-44C4-B4DD-539EDE8FA407}.Debug|Any CPU.Build.0 = Debug|Any CPU
		{DC199D57-F92A-44C4-B4DD-539EDE8FA407}.Release|Any CPU.ActiveCfg = Release|Any CPU
		{DC199D57-F92A-44C4-B4DD-539EDE8FA407}.Release|Any CPU.Build.0 = Release|Any CPU
	EndGlobalSection
	GlobalSection(SolutionProperties) = preSolution
		HideSolutionNode = FALSE
	EndGlobalSection
	GlobalSection(ExtensibilityGlobals) = postSolution
		SolutionGuid = {702F3E40-1942-401F-9ACB-EA6DF6040E72}
	EndGlobalSection
EndGlobal
